
Microsoft Visual Studio Solution File, Format Version 12.00
# Visual Studio Version 16
VisualStudioVersion = 16.0.31321.278
MinimumVisualStudioVersion = 10.0.40219.1
Project("{2150E333-8FDC-42A3-9474-1A3956D46DE8}") = "1.UI", "1.UI", "{6F7511F0-3C03-4FBA-BC0D-A2BF35998A57}"
EndProject
Project("{FAE04EC0-301F-11D3-BF4B-00C04F79EFBC}") = "Czar.Cms.Site", "Czar.Cms.Site\Czar.Cms.Site.csproj", "{EF212387-6465-44CD-AAB2-F9A4A162F25F}"
EndProject
Project("{FAE04EC0-301F-11D3-BF4B-00C04F79EFBC}") = "Czar.Cms.Admin", "Czar.Cms.Admin\Czar.Cms.Admin.csproj", "{95B59F66-C972-4E5C-9031-20D7923C21AB}"
EndProject
Project("{2150E333-8FDC-42A3-9474-1A3956D46DE8}") = "2.Application", "2.Application", "{8A061F28-9832-4F19-BD01-AD7C955BE2EB}"
EndProject
Project("{FAE04EC0-301F-11D3-BF4B-00C04F79EFBC}") = "Czar.Cms.IServices", "Czar.Cms.IServices\Czar.Cms.IServices.csproj", "{F1792C63-3689-4FE0-9B91-FDB2C460A7FA}"
EndProject
Project("{FAE04EC0-301F-11D3-BF4B-00C04F79EFBC}") = "Czar.Cms.Services", "Czar.Cms.Services\Czar.Cms.Services.csproj", "{137AD7F7-04E4-4661-A77C-ED180FCFD899}"
EndProject
Project("{2150E333-8FDC-42A3-9474-1A3956D46DE8}") = "3.Repositonry", "3.Repositonry", "{A8038C12-C1C4-4533-A0A9-275CB7EEE72A}"
EndProject
Project("{FAE04EC0-301F-11D3-BF4B-00C04F79EFBC}") = "Czar.Cms.IRepository", "Czar.Cms.IRepository\Czar.Cms.IRepository.csproj", "{36C1E1B4-5F9D-4710-8851-DF2E73DD63CA}"
EndProject
Project("{FAE04EC0-301F-11D3-BF4B-00C04F79EFBC}") = "Czar.Cms.Repository.SqlServer", "Czar.Cms.Repository.SqlServer\Czar.Cms.Repository.SqlServer.csproj", "{31E69CC3-9FDC-46CA-8BFC-096ED9CECEE4}"
EndProject
Project("{2150E333-8FDC-42A3-9474-1A3956D46DE8}") = "4.Entity", "4.Entity", "{285AB17C-16FC-4852-98EC-A9C203EA1952}"
EndProject
Project("{FAE04EC0-301F-11D3-BF4B-00C04F79EFBC}") = "Czar.Cms.Models", "Czar.Cms.Models\Czar.Cms.Models.csproj", "{9DE61797-5255-4DCE-8CED-D8ABBC3132AE}"
EndProject
Project("{FAE04EC0-301F-11D3-BF4B-00C04F79EFBC}") = "Czar.Cms.ViewModels", "Czar.Cms.ViewModels\Czar.Cms.ViewModels.csproj", "{94AEA102-1A3A-4BEA-BF7F-D3CF178047FF}"
EndProject
Project("{2150E333-8FDC-42A3-9474-1A3956D46DE8}") = "5.Infrastructure", "5.Infrastructure", "{264C948C-29D1-41DB-82E0-FEEDEB70F2F7}"
EndProject
Project("{FAE04EC0-301F-11D3-BF4B-00C04F79EFBC}") = "Czar.Cms.Core", "Czar.Cms.Core\Czar.Cms.Core.csproj", "{B3F2BD4F-5D4D-45D7-82F4-E9EEE4124343}"
EndProject
Project("{2150E333-8FDC-42A3-9474-1A3956D46DE8}") = "6.Test", "6.Test", "{B766C34C-DF0C-4ADA-B205-D464F5CB376A}"
EndProject
Project("{FAE04EC0-301F-11D3-BF4B-00C04F79EFBC}") = "Czar.Cms.Test", "Czar.Cms.Test\Czar.Cms.Test.csproj", "{25EA8C57-BF00-4506-9DAB-D7AB8F4536C2}"
EndProject
Global
	GlobalSection(SolutionConfigurationPlatforms) = preSolution
		Debug|Any CPU = Debug|Any CPU
		Release|Any CPU = Release|Any CPU
	EndGlobalSection
	GlobalSection(ProjectConfigurationPlatforms) = postSolution
		{EF212387-6465-44CD-AAB2-F9A4A162F25F}.Debug|Any CPU.ActiveCfg = Debug|Any CPU
		{EF212387-6465-44CD-AAB2-F9A4A162F25F}.Debug|Any CPU.Build.0 = Debug|Any CPU
		{EF212387-6465-44CD-AAB2-F9A4A162F25F}.Release|Any CPU.ActiveCfg = Release|Any CPU
		{EF212387-6465-44CD-AAB2-F9A4A162F25F}.Release|Any CPU.Build.0 = Release|Any CPU
		{95B59F66-C972-4E5C-9031-20D7923C21AB}.Debug|Any CPU.ActiveCfg = Debug|Any CPU
		{95B59F66-C972-4E5C-9031-20D7923C21AB}.Debug|Any CPU.Build.0 = Debug|Any CPU
		{95B59F66-C972-4E5C-9031-20D7923C21AB}.Release|Any CPU.ActiveCfg = Release|Any CPU
		{95B59F66-C972-4E5C-9031-20D7923C21AB}.Release|Any CPU.Build.0 = Release|Any CPU
		{F1792C63-3689-4FE0-9B91-FDB2C460A7FA}.Debug|Any CPU.ActiveCfg = Debug|Any CPU
		{F1792C63-3689-4FE0-9B91-FDB2C460A7FA}.Debug|Any CPU.Build.0 = Debug|Any CPU
		{F1792C63-3689-4FE0-9B91-FDB2C460A7FA}.Release|Any CPU.ActiveCfg = Release|Any CPU
		{F1792C63-3689-4FE0-9B91-FDB2C460A7FA}.Release|Any CPU.Build.0 = Release|Any CPU
		{137AD7F7-04E4-4661-A77C-ED180FCFD899}.Debug|Any CPU.ActiveCfg = Debug|Any CPU
		{137AD7F7-04E4-4661-A77C-ED180FCFD899}.Debug|Any CPU.Build.0 = Debug|Any CPU
		{137AD7F7-04E4-4661-A77C-ED180FCFD899}.Release|Any CPU.ActiveCfg = Release|Any CPU
		{137AD7F7-04E4-4661-A77C-ED180FCFD899}.Release|Any CPU.Build.0 = Release|Any CPU
		{36C1E1B4-5F9D-4710-8851-DF2E73DD63CA}.Debug|Any CPU.ActiveCfg = Debug|Any CPU
		{36C1E1B4-5F9D-4710-8851-DF2E73DD63CA}.Debug|Any CPU.Build.0 = Debug|Any CPU
		{36C1E1B4-5F9D-4710-8851-DF2E73DD63CA}.Release|Any CPU.ActiveCfg = Release|Any CPU
		{36C1E1B4-5F9D-4710-8851-DF2E73DD63CA}.Release|Any CPU.Build.0 = Release|Any CPU
		{31E69CC3-9FDC-46CA-8BFC-096ED9CECEE4}.Debug|Any CPU.ActiveCfg = Debug|Any CPU
		{31E69CC3-9FDC-46CA-8BFC-096ED9CECEE4}.Debug|Any CPU.Build.0 = Debug|Any CPU
		{31E69CC3-9FDC-46CA-8BFC-096ED9CECEE4}.Release|Any CPU.ActiveCfg = Release|Any CPU
		{31E69CC3-9FDC-46CA-8BFC-096ED9CECEE4}.Release|Any CPU.Build.0 = Release|Any CPU
		{9DE61797-5255-4DCE-8CED-D8ABBC3132AE}.Debug|Any CPU.ActiveCfg = Debug|Any CPU
		{9DE61797-5255-4DCE-8CED-D8ABBC3132AE}.Debug|Any CPU.Build.0 = Debug|Any CPU
		{9DE61797-5255-4DCE-8CED-D8ABBC3132AE}.Release|Any CPU.ActiveCfg = Release|Any CPU
		{9DE61797-5255-4DCE-8CED-D8ABBC3132AE}.Release|Any CPU.Build.0 = Release|Any CPU
		{94AEA102-1A3A-4BEA-BF7F-D3CF178047FF}.Debug|Any CPU.ActiveCfg = Debug|Any CPU
		{94AEA102-1A3A-4BEA-BF7F-D3CF178047FF}.Debug|Any CPU.Build.0 = Debug|Any CPU
		{94AEA102-1A3A-4BEA-BF7F-D3CF178047FF}.Release|Any CPU.ActiveCfg = Release|Any CPU
		{94AEA102-1A3A-4BEA-BF7F-D3CF178047FF}.Release|Any CPU.Build.0 = Release|Any CPU
		{B3F2BD4F-5D4D-45D7-82F4-E9EEE4124343}.Debug|Any CPU.ActiveCfg = Debug|Any CPU
		{B3F2BD4F-5D4D-45D7-82F4-E9EEE4124343}.Debug|Any CPU.Build.0 = Debug|Any CPU
		{B3F2BD4F-5D4D-45D7-82F4-E9EEE4124343}.Release|Any CPU.ActiveCfg = Release|Any CPU
		{B3F2BD4F-5D4D-45D7-82F4-E9EEE4124343}.Release|Any CPU.Build.0 = Release|Any CPU
		{25EA8C57-BF00-4506-9DAB-D7AB8F4536C2}.Debug|Any CPU.ActiveCfg = Debug|Any CPU
		{25EA8C57-BF00-4506-9DAB-D7AB8F4536C2}.Debug|Any CPU.Build.0 = Debug|Any CPU
		{25EA8C57-BF00-4506-9DAB-D7AB8F4536C2}.Release|Any CPU.ActiveCfg = Release|Any CPU
		{25EA8C57-BF00-4506-9DAB-D7AB8F4536C2}.Release|Any CPU.Build.0 = Release|Any CPU
	EndGlobalSection
	GlobalSection(SolutionProperties) = preSolution
		HideSolutionNode = FALSE
	EndGlobalSection
	GlobalSection(NestedProjects) = preSolution
		{EF212387-6465-44CD-AAB2-F9A4A162F25F} = {6F7511F0-3C03-4FBA-BC0D-A2BF35998A57}
		{95B59F66-C972-4E5C-9031-20D7923C21AB} = {6F7511F0-3C03-4FBA-BC0D-A2BF35998A57}
		{F1792C63-3689-4FE0-9B91-FDB2C460A7FA} = {8A061F28-9832-4F19-BD01-AD7C955BE2EB}
		{137AD7F7-04E4-4661-A77C-ED180FCFD899} = {8A061F28-9832-4F19-BD01-AD7C955BE2EB}
		{36C1E1B4-5F9D-4710-8851-DF2E73DD63CA} = {A8038C12-C1C4-4533-A0A9-275CB7EEE72A}
		{31E69CC3-9FDC-46CA-8BFC-096ED9CECEE4} = {A8038C12-C1C4-4533-A0A9-275CB7EEE72A}
		{9DE61797-5255-4DCE-8CED-D8ABBC3132AE} = {285AB17C-16FC-4852-98EC-A9C203EA1952}
		{94AEA102-1A3A-4BEA-BF7F-D3CF178047FF} = {285AB17C-16FC-4852-98EC-A9C203EA1952}
		{B3F2BD4F-5D4D-45D7-82F4-E9EEE4124343} = {264C948C-29D1-41DB-82E0-FEEDEB70F2F7}
		{25EA8C57-BF00-4506-9DAB-D7AB8F4536C2} = {B766C34C-DF0C-4ADA-B205-D464F5CB376A}
	EndGlobalSection
	GlobalSection(ExtensibilityGlobals) = postSolution
		SolutionGuid = {92D8DFDF-FD8D-408E-82AD-02BE4E0B5F34}
	EndGlobalSection
EndGlobal
